
Microsoft Visual Studio Solution File, Format Version 12.00
# Visual Studio 15
VisualStudioVersion = 15.0.27428.2037
MinimumVisualStudioVersion = 10.0.40219.1
Project("{FAE04EC0-301F-11D3-BF4B-00C04F79EFBC}") = "BotApplication", "BotApplication\BotApplication.csproj", "{73C816A3-099A-4EB4-90A3-A07B7FD26924}"
EndProject
Global
	GlobalSection(SolutionConfigurationPlatforms) = preSolution
		Debug|Any CPU = Debug|Any CPU
		Release|Any CPU = Release|Any CPU
	EndGlobalSection
	GlobalSection(ProjectConfigurationPlatforms) = postSolution
		{73C816A3-099A-4EB4-90A3-A07B7FD26924}.Debug|Any CPU.ActiveCfg = Debug|Any CPU
		{73C816A3-099A-4EB4-90A3-A07B7FD26924}.Debug|Any CPU.Build.0 = Debug|Any CPU
		{73C816A3-099A-4EB4-90A3-A07B7FD26924}.Release|Any CPU.ActiveCfg = Release|Any CPU
		{73C816A3-099A-4EB4-90A3-A07B7FD26924}.Release|Any CPU.Build.0 = Release|Any CPU
	EndGlobalSection
	GlobalSection(SolutionProperties) = preSolution
		HideSolutionNode = FALSE
	EndGlobalSection
	GlobalSection(ExtensibilityGlobals) = postSolution
		SolutionGuid = {A0BC9757-4BDD-4D49-AC34-BDE70EE2CFF9}
	EndGlobalSection
EndGlobal
